// !$*UTF8*$!
{
	archiveVersion = 1;
	classes = {
	};
	objectVersion = 52;
	objects = {

/* Begin PBXBuildFile section */
		75699EBB25FD5591006AABD8 /* Toast in Frameworks */ = {isa = PBXBuildFile; productRef = 75699EBA25FD5591006AABD8 /* Toast */; };
		75ED8B24259BEC41000BA2D7 /* AppDelegate.swift in Sources */ = {isa = PBXBuildFile; fileRef = 75ED8B23259BEC41000BA2D7 /* AppDelegate.swift */; };
		75ED8B26259BEC41000BA2D7 /* SceneDelegate.swift in Sources */ = {isa = PBXBuildFile; fileRef = 75ED8B25259BEC41000BA2D7 /* SceneDelegate.swift */; };
		75ED8B28259BEC41000BA2D7 /* ViewController.swift in Sources */ = {isa = PBXBuildFile; fileRef = 75ED8B27259BEC41000BA2D7 /* ViewController.swift */; };
		75ED8B2B259BEC41000BA2D7 /* Main.storyboard in Resources */ = {isa = PBXBuildFile; fileRef = 75ED8B29259BEC41000BA2D7 /* Main.storyboard */; };
		75ED8B2D259BEC46000BA2D7 /* Assets.xcassets in Resources */ = {isa = PBXBuildFile; fileRef = 75ED8B2C259BEC46000BA2D7 /* Assets.xcassets */; };
		75ED8B30259BEC46000BA2D7 /* LaunchScreen.storyboard in Resources */ = {isa = PBXBuildFile; fileRef = 75ED8B2E259BEC46000BA2D7 /* LaunchScreen.storyboard */; };
		75ED8B3B259BEC47000BA2D7 /* flirFeverTests.swift in Sources */ = {isa = PBXBuildFile; fileRef = 75ED8B3A259BEC47000BA2D7 /* flirFeverTests.swift */; };
		75ED8B46259BEC47000BA2D7 /* flirFeverUITests.swift in Sources */ = {isa = PBXBuildFile; fileRef = 75ED8B45259BEC47000BA2D7 /* flirFeverUITests.swift */; };
		75ED8B78259C3DE1000BA2D7 /* MeterLink.framework in Frameworks */ = {isa = PBXBuildFile; fileRef = 75ED8B6C259BF88E000BA2D7 /* MeterLink.framework */; };
		75ED8B79259C3DE1000BA2D7 /* MeterLink.framework in Embed Frameworks */ = {isa = PBXBuildFile; fileRef = 75ED8B6C259BF88E000BA2D7 /* MeterLink.framework */; settings = {ATTRIBUTES = (CodeSignOnCopy, RemoveHeadersOnCopy, ); }; };
		75ED8B7A259C3DE4000BA2D7 /* ThermalSDK.framework in Frameworks */ = {isa = PBXBuildFile; fileRef = 75ED8B57259BECD4000BA2D7 /* ThermalSDK.framework */; };
		75ED8B7B259C3DE4000BA2D7 /* ThermalSDK.framework in Embed Frameworks */ = {isa = PBXBuildFile; fileRef = 75ED8B57259BECD4000BA2D7 /* ThermalSDK.framework */; settings = {ATTRIBUTES = (CodeSignOnCopy, RemoveHeadersOnCopy, ); }; };
/* End PBXBuildFile section */

/* Begin PBXContainerItemProxy section */
		75ED8B37259BEC47000BA2D7 /* PBXContainerItemProxy */ = {
			isa = PBXContainerItemProxy;
			containerPortal = 75ED8B18259BEC41000BA2D7 /* Project object */;
			proxyType = 1;
			remoteGlobalIDString = 75ED8B1F259BEC41000BA2D7;
			remoteInfo = flirFever;
		};
		75ED8B42259BEC47000BA2D7 /* PBXContainerItemProxy */ = {
			isa = PBXContainerItemProxy;
			containerPortal = 75ED8B18259BEC41000BA2D7 /* Project object */;
			proxyType = 1;
			remoteGlobalIDString = 75ED8B1F259BEC41000BA2D7;
			remoteInfo = flirFever;
		};
/* End PBXContainerItemProxy section */

/* Begin PBXCopyFilesBuildPhase section */
		75ED8B6F259BF88E000BA2D7 /* Embed Frameworks */ = {
			isa = PBXCopyFilesBuildPhase;
			buildActionMask = 2147483647;
			dstPath = "";
			dstSubfolderSpec = 10;
			files = (
				75ED8B79259C3DE1000BA2D7 /* MeterLink.framework in Embed Frameworks */,
				75ED8B7B259C3DE4000BA2D7 /* ThermalSDK.framework in Embed Frameworks */,
			);
			name = "Embed Frameworks";
			runOnlyForDeploymentPostprocessing = 0;
		};
/* End PBXCopyFilesBuildPhase section */

/* Begin PBXFileReference section */
		75ED8B20259BEC41000BA2D7 /* flirFever.app */ = {isa = PBXFileReference; explicitFileType = wrapper.application; includeInIndex = 0; path = flirFever.app; sourceTree = BUILT_PRODUCTS_DIR; };
		75ED8B23259BEC41000BA2D7 /* AppDelegate.swift */ = {isa = PBXFileReference; lastKnownFileType = sourcecode.swift; path = AppDelegate.swift; sourceTree = "<group>"; };
		75ED8B25259BEC41000BA2D7 /* SceneDelegate.swift */ = {isa = PBXFileReference; lastKnownFileType = sourcecode.swift; path = SceneDelegate.swift; sourceTree = "<group>"; };
		75ED8B27259BEC41000BA2D7 /* ViewController.swift */ = {isa = PBXFileReference; lastKnownFileType = sourcecode.swift; path = ViewController.swift; sourceTree = "<group>"; };
		75ED8B2A259BEC41000BA2D7 /* Base */ = {isa = PBXFileReference; lastKnownFileType = file.storyboard; name = Base; path = Base.lproj/Main.storyboard; sourceTree = "<group>"; };
		75ED8B2C259BEC46000BA2D7 /* Assets.xcassets */ = {isa = PBXFileReference; lastKnownFileType = folder.assetcatalog; path = Assets.xcassets; sourceTree = "<group>"; };
		75ED8B2F259BEC46000BA2D7 /* Base */ = {isa = PBXFileReference; lastKnownFileType = file.storyboard; name = Base; path = Base.lproj/LaunchScreen.storyboard; sourceTree = "<group>"; };
		75ED8B31259BEC46000BA2D7 /* Info.plist */ = {isa = PBXFileReference; lastKnownFileType = text.plist.xml; path = Info.plist; sourceTree = "<group>"; };
		75ED8B36259BEC47000BA2D7 /* flirFeverTests.xctest */ = {isa = PBXFileReference; explicitFileType = wrapper.cfbundle; includeInIndex = 0; path = flirFeverTests.xctest; sourceTree = BUILT_PRODUCTS_DIR; };
		75ED8B3A259BEC47000BA2D7 /* flirFeverTests.swift */ = {isa = PBXFileReference; lastKnownFileType = sourcecode.swift; path = flirFeverTests.swift; sourceTree = "<group>"; };
		75ED8B3C259BEC47000BA2D7 /* Info.plist */ = {isa = PBXFileReference; lastKnownFileType = text.plist.xml; path = Info.plist; sourceTree = "<group>"; };
		75ED8B41259BEC47000BA2D7 /* flirFeverUITests.xctest */ = {isa = PBXFileReference; explicitFileType = wrapper.cfbundle; includeInIndex = 0; path = flirFeverUITests.xctest; sourceTree = BUILT_PRODUCTS_DIR; };
		75ED8B45259BEC47000BA2D7 /* flirFeverUITests.swift */ = {isa = PBXFileReference; lastKnownFileType = sourcecode.swift; path = flirFeverUITests.swift; sourceTree = "<group>"; };
		75ED8B47259BEC47000BA2D7 /* Info.plist */ = {isa = PBXFileReference; lastKnownFileType = text.plist.xml; path = Info.plist; sourceTree = "<group>"; };
		75ED8B57259BECD4000BA2D7 /* ThermalSDK.framework */ = {isa = PBXFileReference; lastKnownFileType = wrapper.framework; path = ThermalSDK.framework; sourceTree = "<group>"; };
		75ED8B5E259BF24D000BA2D7 /* flirFever-Bridging-Header.h */ = {isa = PBXFileReference; lastKnownFileType = sourcecode.c.h; path = "flirFever-Bridging-Header.h"; sourceTree = "<group>"; };
		75ED8B6C259BF88E000BA2D7 /* MeterLink.framework */ = {isa = PBXFileReference; lastKnownFileType = wrapper.framework; path = MeterLink.framework; sourceTree = "<group>"; };
/* End PBXFileReference section */

/* Begin PBXFrameworksBuildPhase section */
		75ED8B1D259BEC41000BA2D7 /* Frameworks */ = {
			isa = PBXFrameworksBuildPhase;
			buildActionMask = 2147483647;
			files = (
				75699EBB25FD5591006AABD8 /* Toast in Frameworks */,
				75ED8B78259C3DE1000BA2D7 /* MeterLink.framework in Frameworks */,
				75ED8B7A259C3DE4000BA2D7 /* ThermalSDK.framework in Frameworks */,
			);
			runOnlyForDeploymentPostprocessing = 0;
		};
		75ED8B33259BEC47000BA2D7 /* Frameworks */ = {
			isa = PBXFrameworksBuildPhase;
			buildActionMask = 2147483647;
			files = (
			);
			runOnlyForDeploymentPostprocessing = 0;
		};
		75ED8B3E259BEC47000BA2D7 /* Frameworks */ = {
			isa = PBXFrameworksBuildPhase;
			buildActionMask = 2147483647;
			files = (
			);
			runOnlyForDeploymentPostprocessing = 0;
		};
/* End PBXFrameworksBuildPhase section */

/* Begin PBXGroup section */
		75ED8B17259BEC41000BA2D7 = {
			isa = PBXGroup;
			children = (
				75ED8B22259BEC41000BA2D7 /* flirFever */,
				75ED8B39259BEC47000BA2D7 /* flirFeverTests */,
				75ED8B44259BEC47000BA2D7 /* flirFeverUITests */,
				75ED8B21259BEC41000BA2D7 /* Products */,
				75ED8B56259BECD4000BA2D7 /* Frameworks */,
			);
			sourceTree = "<group>";
		};
		75ED8B21259BEC41000BA2D7 /* Products */ = {
			isa = PBXGroup;
			children = (
				75ED8B20259BEC41000BA2D7 /* flirFever.app */,
				75ED8B36259BEC47000BA2D7 /* flirFeverTests.xctest */,
				75ED8B41259BEC47000BA2D7 /* flirFeverUITests.xctest */,
			);
			name = Products;
			sourceTree = "<group>";
		};
		75ED8B22259BEC41000BA2D7 /* flirFever */ = {
			isa = PBXGroup;
			children = (
				75ED8B23259BEC41000BA2D7 /* AppDelegate.swift */,
				75ED8B25259BEC41000BA2D7 /* SceneDelegate.swift */,
				75ED8B27259BEC41000BA2D7 /* ViewController.swift */,
				75ED8B29259BEC41000BA2D7 /* Main.storyboard */,
				75ED8B2C259BEC46000BA2D7 /* Assets.xcassets */,
				75ED8B2E259BEC46000BA2D7 /* LaunchScreen.storyboard */,
				75ED8B31259BEC46000BA2D7 /* Info.plist */,
				75ED8B5E259BF24D000BA2D7 /* flirFever-Bridging-Header.h */,
			);
			path = flirFever;
			sourceTree = "<group>";
		};
		75ED8B39259BEC47000BA2D7 /* flirFeverTests */ = {
			isa = PBXGroup;
			children = (
				75ED8B3A259BEC47000BA2D7 /* flirFeverTests.swift */,
				75ED8B3C259BEC47000BA2D7 /* Info.plist */,
			);
			path = flirFeverTests;
			sourceTree = "<group>";
		};
		75ED8B44259BEC47000BA2D7 /* flirFeverUITests */ = {
			isa = PBXGroup;
			children = (
				75ED8B45259BEC47000BA2D7 /* flirFeverUITests.swift */,
				75ED8B47259BEC47000BA2D7 /* Info.plist */,
			);
			path = flirFeverUITests;
			sourceTree = "<group>";
		};
		75ED8B56259BECD4000BA2D7 /* Frameworks */ = {
			isa = PBXGroup;
			children = (
				75ED8B6C259BF88E000BA2D7 /* MeterLink.framework */,
				75ED8B57259BECD4000BA2D7 /* ThermalSDK.framework */,
			);
			name = Frameworks;
			sourceTree = "<group>";
		};
/* End PBXGroup section */

/* Begin PBXNativeTarget section */
		75ED8B1F259BEC41000BA2D7 /* flirFever */ = {
			isa = PBXNativeTarget;
			buildConfigurationList = 75ED8B4A259BEC47000BA2D7 /* Build configuration list for PBXNativeTarget "flirFever" */;
			buildPhases = (
				75ED8B1C259BEC41000BA2D7 /* Sources */,
				75ED8B1D259BEC41000BA2D7 /* Frameworks */,
				75ED8B1E259BEC41000BA2D7 /* Resources */,
				75ED8B6F259BF88E000BA2D7 /* Embed Frameworks */,
			);
			buildRules = (
			);
			dependencies = (
			);
			name = flirFever;
			packageProductDependencies = (
				75699EBA25FD5591006AABD8 /* Toast */,
			);
			productName = flirFever;
			productReference = 75ED8B20259BEC41000BA2D7 /* flirFever.app */;
			productType = "com.apple.product-type.application";
		};
		75ED8B35259BEC47000BA2D7 /* flirFeverTests */ = {
			isa = PBXNativeTarget;
			buildConfigurationList = 75ED8B4D259BEC47000BA2D7 /* Build configuration list for PBXNativeTarget "flirFeverTests" */;
			buildPhases = (
				75ED8B32259BEC47000BA2D7 /* Sources */,
				75ED8B33259BEC47000BA2D7 /* Frameworks */,
				75ED8B34259BEC47000BA2D7 /* Resources */,
			);
			buildRules = (
			);
			dependencies = (
				75ED8B38259BEC47000BA2D7 /* PBXTargetDependency */,
			);
			name = flirFeverTests;
			productName = flirFeverTests;
			productReference = 75ED8B36259BEC47000BA2D7 /* flirFeverTests.xctest */;
			productType = "com.apple.product-type.bundle.unit-test";
		};
		75ED8B40259BEC47000BA2D7 /* flirFeverUITests */ = {
			isa = PBXNativeTarget;
			buildConfigurationList = 75ED8B50259BEC47000BA2D7 /* Build configuration list for PBXNativeTarget "flirFeverUITests" */;
			buildPhases = (
				75ED8B3D259BEC47000BA2D7 /* Sources */,
				75ED8B3E259BEC47000BA2D7 /* Frameworks */,
				75ED8B3F259BEC47000BA2D7 /* Resources */,
			);
			buildRules = (
			);
			dependencies = (
				75ED8B43259BEC47000BA2D7 /* PBXTargetDependency */,
			);
			name = flirFeverUITests;
			productName = flirFeverUITests;
			productReference = 75ED8B41259BEC47000BA2D7 /* flirFeverUITests.xctest */;
			productType = "com.apple.product-type.bundle.ui-testing";
		};
/* End PBXNativeTarget section */

/* Begin PBXProject section */
		75ED8B18259BEC41000BA2D7 /* Project object */ = {
			isa = PBXProject;
			attributes = {
				LastSwiftUpdateCheck = 1230;
				LastUpgradeCheck = 1230;
				TargetAttributes = {
					75ED8B1F259BEC41000BA2D7 = {
						CreatedOnToolsVersion = 12.3;
					};
					75ED8B35259BEC47000BA2D7 = {
						CreatedOnToolsVersion = 12.3;
						TestTargetID = 75ED8B1F259BEC41000BA2D7;
					};
					75ED8B40259BEC47000BA2D7 = {
						CreatedOnToolsVersion = 12.3;
						TestTargetID = 75ED8B1F259BEC41000BA2D7;
					};
				};
			};
			buildConfigurationList = 75ED8B1B259BEC41000BA2D7 /* Build configuration list for PBXProject "flirFever" */;
			compatibilityVersion = "Xcode 9.3";
			developmentRegion = en;
			hasScannedForEncodings = 0;
			knownRegions = (
				en,
				Base,
			);
			mainGroup = 75ED8B17259BEC41000BA2D7;
			packageReferences = (
				75699EB925FD5590006AABD8 /* XCRemoteSwiftPackageReference "Toast-Swift" */,
			);
			productRefGroup = 75ED8B21259BEC41000BA2D7 /* Products */;
			projectDirPath = "";
			projectRoot = "";
			targets = (
				75ED8B1F259BEC41000BA2D7 /* flirFever */,
				75ED8B35259BEC47000BA2D7 /* flirFeverTests */,
				75ED8B40259BEC47000BA2D7 /* flirFeverUITests */,
			);
		};
/* End PBXProject section */

/* Begin PBXResourcesBuildPhase section */
		75ED8B1E259BEC41000BA2D7 /* Resources */ = {
			isa = PBXResourcesBuildPhase;
			buildActionMask = 2147483647;
			files = (
				75ED8B30259BEC46000BA2D7 /* LaunchScreen.storyboard in Resources */,
				75ED8B2D259BEC46000BA2D7 /* Assets.xcassets in Resources */,
				75ED8B2B259BEC41000BA2D7 /* Main.storyboard in Resources */,
			);
			runOnlyForDeploymentPostprocessing = 0;
		};
		75ED8B34259BEC47000BA2D7 /* Resources */ = {
			isa = PBXResourcesBuildPhase;
			buildActionMask = 2147483647;
			files = (
			);
			runOnlyForDeploymentPostprocessing = 0;
		};
		75ED8B3F259BEC47000BA2D7 /* Resources */ = {
			isa = PBXResourcesBuildPhase;
			buildActionMask = 2147483647;
			files = (
			);
			runOnlyForDeploymentPostprocessing = 0;
		};
/* End PBXResourcesBuildPhase section */

/* Begin PBXSourcesBuildPhase section */
		75ED8B1C259BEC41000BA2D7 /* Sources */ = {
			isa = PBXSourcesBuildPhase;
			buildActionMask = 2147483647;
			files = (
				75ED8B28259BEC41000BA2D7 /* ViewController.swift in Sources */,
				75ED8B24259BEC41000BA2D7 /* AppDelegate.swift in Sources */,
				75ED8B26259BEC41000BA2D7 /* SceneDelegate.swift in Sources */,
			);
			runOnlyForDeploymentPostprocessing = 0;
		};
		75ED8B32259BEC47000BA2D7 /* Sources */ = {
			isa = PBXSourcesBuildPhase;
			buildActionMask = 2147483647;
			files = (
				75ED8B3B259BEC47000BA2D7 /* flirFeverTests.swift in Sources */,
			);
			runOnlyForDeploymentPostprocessing = 0;
		};
		75ED8B3D259BEC47000BA2D7 /* Sources */ = {
			isa = PBXSourcesBuildPhase;
			buildActionMask = 2147483647;
			files = (
				75ED8B46259BEC47000BA2D7 /* flirFeverUITests.swift in Sources */,
			);
			runOnlyForDeploymentPostprocessing = 0;
		};
/* End PBXSourcesBuildPhase section */

/* Begin PBXTargetDependency section */
		75ED8B38259BEC47000BA2D7 /* PBXTargetDependency */ = {
			isa = PBXTargetDependency;
			target = 75ED8B1F259BEC41000BA2D7 /* flirFever */;
			targetProxy = 75ED8B37259BEC47000BA2D7 /* PBXContainerItemProxy */;
		};
		75ED8B43259BEC47000BA2D7 /* PBXTargetDependency */ = {
			isa = PBXTargetDependency;
			target = 75ED8B1F259BEC41000BA2D7 /* flirFever */;
			targetProxy = 75ED8B42259BEC47000BA2D7 /* PBXContainerItemProxy */;
		};
/* End PBXTargetDependency section */

/* Begin PBXVariantGroup section */
		75ED8B29259BEC41000BA2D7 /* Main.storyboard */ = {
			isa = PBXVariantGroup;
			children = (
				75ED8B2A259BEC41000BA2D7 /* Base */,
			);
			name = Main.storyboard;
			sourceTree = "<group>";
		};
		75ED8B2E259BEC46000BA2D7 /* LaunchScreen.storyboard */ = {
			isa = PBXVariantGroup;
			children = (
				75ED8B2F259BEC46000BA2D7 /* Base */,
			);
			name = LaunchScreen.storyboard;
			sourceTree = "<group>";
		};
/* End PBXVariantGroup section */

/* Begin XCBuildConfiguration section */
		75ED8B48259BEC47000BA2D7 /* Debug */ = {
			isa = XCBuildConfiguration;
			buildSettings = {
				ALWAYS_SEARCH_USER_PATHS = NO;
				CLANG_ANALYZER_NONNULL = YES;
				CLANG_ANALYZER_NUMBER_OBJECT_CONVERSION = YES_AGGRESSIVE;
				CLANG_CXX_LANGUAGE_STANDARD = "gnu++14";
				CLANG_CXX_LIBRARY = "libc++";
				CLANG_ENABLE_MODULES = YES;
				CLANG_ENABLE_OBJC_ARC = YES;
				CLANG_ENABLE_OBJC_WEAK = YES;
				CLANG_WARN_BLOCK_CAPTURE_AUTORELEASING = YES;
				CLANG_WARN_BOOL_CONVERSION = YES;
				CLANG_WARN_COMMA = YES;
				CLANG_WARN_CONSTANT_CONVERSION = YES;
				CLANG_WARN_DEPRECATED_OBJC_IMPLEMENTATIONS = YES;
				CLANG_WARN_DIRECT_OBJC_ISA_USAGE = YES_ERROR;
				CLANG_WARN_DOCUMENTATION_COMMENTS = YES;
				CLANG_WARN_EMPTY_BODY = YES;
				CLANG_WARN_ENUM_CONVERSION = YES;
				CLANG_WARN_INFINITE_RECURSION = YES;
				CLANG_WARN_INT_CONVERSION = YES;
				CLANG_WARN_NON_LITERAL_NULL_CONVERSION = YES;
				CLANG_WARN_OBJC_IMPLICIT_RETAIN_SELF = YES;
				CLANG_WARN_OBJC_LITERAL_CONVERSION = YES;
				CLANG_WARN_OBJC_ROOT_CLASS = YES_ERROR;
				CLANG_WARN_QUOTED_INCLUDE_IN_FRAMEWORK_HEADER = YES;
				CLANG_WARN_RANGE_LOOP_ANALYSIS = YES;
				CLANG_WARN_STRICT_PROTOTYPES = YES;
				CLANG_WARN_SUSPICIOUS_MOVE = YES;
				CLANG_WARN_UNGUARDED_AVAILABILITY = YES_AGGRESSIVE;
				CLANG_WARN_UNREACHABLE_CODE = YES;
				CLANG_WARN__DUPLICATE_METHOD_MATCH = YES;
				COPY_PHASE_STRIP = NO;
				DEBUG_INFORMATION_FORMAT = dwarf;
				ENABLE_STRICT_OBJC_MSGSEND = YES;
				ENABLE_TESTABILITY = YES;
				GCC_C_LANGUAGE_STANDARD = gnu11;
				GCC_DYNAMIC_NO_PIC = NO;
				GCC_NO_COMMON_BLOCKS = YES;
				GCC_OPTIMIZATION_LEVEL = 0;
				GCC_PREPROCESSOR_DEFINITIONS = (
					"DEBUG=1",
					"$(inherited)",
				);
				GCC_WARN_64_TO_32_BIT_CONVERSION = YES;
				GCC_WARN_ABOUT_RETURN_TYPE = YES_ERROR;
				GCC_WARN_UNDECLARED_SELECTOR = YES;
				GCC_WARN_UNINITIALIZED_AUTOS = YES_AGGRESSIVE;
				GCC_WARN_UNUSED_FUNCTION = YES;
				GCC_WARN_UNUSED_VARIABLE = YES;
				IPHONEOS_DEPLOYMENT_TARGET = 14.3;
				MTL_ENABLE_DEBUG_INFO = INCLUDE_SOURCE;
				MTL_FAST_MATH = YES;
				ONLY_ACTIVE_ARCH = YES;
				SDKROOT = iphoneos;
				SWIFT_ACTIVE_COMPILATION_CONDITIONS = DEBUG;
				SWIFT_OPTIMIZATION_LEVEL = "-Onone";
			};
			name = Debug;
		};
		75ED8B49259BEC47000BA2D7 /* Release */ = {
			isa = XCBuildConfiguration;
			buildSettings = {
				ALWAYS_SEARCH_USER_PATHS = NO;
				CLANG_ANALYZER_NONNULL = YES;
				CLANG_ANALYZER_NUMBER_OBJECT_CONVERSION = YES_AGGRESSIVE;
				CLANG_CXX_LANGUAGE_STANDARD = "gnu++14";
				CLANG_CXX_LIBRARY = "libc++";
				CLANG_ENABLE_MODULES = YES;
				CLANG_ENABLE_OBJC_ARC = YES;
				CLANG_ENABLE_OBJC_WEAK = YES;
				CLANG_WARN_BLOCK_CAPTURE_AUTORELEASING = YES;
				CLANG_WARN_BOOL_CONVERSION = YES;
				CLANG_WARN_COMMA = YES;
				CLANG_WARN_CONSTANT_CONVERSION = YES;
				CLANG_WARN_DEPRECATED_OBJC_IMPLEMENTATIONS = YES;
				CLANG_WARN_DIRECT_OBJC_ISA_USAGE = YES_ERROR;
				CLANG_WARN_DOCUMENTATION_COMMENTS = YES;
				CLANG_WARN_EMPTY_BODY = YES;
				CLANG_WARN_ENUM_CONVERSION = YES;
				CLANG_WARN_INFINITE_RECURSION = YES;
				CLANG_WARN_INT_CONVERSION = YES;
				CLANG_WARN_NON_LITERAL_NULL_CONVERSION = YES;
				CLANG_WARN_OBJC_IMPLICIT_RETAIN_SELF = YES;
				CLANG_WARN_OBJC_LITERAL_CONVERSION = YES;
				CLANG_WARN_OBJC_ROOT_CLASS = YES_ERROR;
				CLANG_WARN_QUOTED_INCLUDE_IN_FRAMEWORK_HEADER = YES;
				CLANG_WARN_RANGE_LOOP_ANALYSIS = YES;
				CLANG_WARN_STRICT_PROTOTYPES = YES;
				CLANG_WARN_SUSPICIOUS_MOVE = YES;
				CLANG_WARN_UNGUARDED_AVAILABILITY = YES_AGGRESSIVE;
				CLANG_WARN_UNREACHABLE_CODE = YES;
				CLANG_WARN__DUPLICATE_METHOD_MATCH = YES;
				COPY_PHASE_STRIP = NO;
				DEBUG_INFORMATION_FORMAT = "dwarf-with-dsym";
				ENABLE_NS_ASSERTIONS = NO;
				ENABLE_STRICT_OBJC_MSGSEND = YES;
				GCC_C_LANGUAGE_STANDARD = gnu11;
				GCC_NO_COMMON_BLOCKS = YES;
				GCC_WARN_64_TO_32_BIT_CONVERSION = YES;
				GCC_WARN_ABOUT_RETURN_TYPE = YES_ERROR;
				GCC_WARN_UNDECLARED_SELECTOR = YES;
				GCC_WARN_UNINITIALIZED_AUTOS = YES_AGGRESSIVE;
				GCC_WARN_UNUSED_FUNCTION = YES;
				GCC_WARN_UNUSED_VARIABLE = YES;
				IPHONEOS_DEPLOYMENT_TARGET = 14.3;
				MTL_ENABLE_DEBUG_INFO = NO;
				MTL_FAST_MATH = YES;
				SDKROOT = iphoneos;
				SWIFT_COMPILATION_MODE = wholemodule;
				SWIFT_OPTIMIZATION_LEVEL = "-O";
				VALIDATE_PRODUCT = YES;
			};
			name = Release;
		};
		75ED8B4B259BEC47000BA2D7 /* Debug */ = {
			isa = XCBuildConfiguration;
			buildSettings = {
				ASSETCATALOG_COMPILER_APPICON_NAME = AppIcon;
				ASSETCATALOG_COMPILER_GLOBAL_ACCENT_COLOR_NAME = AccentColor;
				CODE_SIGN_STYLE = Automatic;
				DEVELOPMENT_TEAM = ZJNPXJSH76;
				FRAMEWORK_SEARCH_PATHS = (
					"$(inherited)",
					"$(PROJECT_DIR)",
				);
				INFOPLIST_FILE = flirFever/Info.plist;
				LD_RUNPATH_SEARCH_PATHS = (
					"$(inherited)",
					"@executable_path/Frameworks",
				);
				PRODUCT_BUNDLE_IDENTIFIER = leolee.flirFever;
				PRODUCT_NAME = "$(TARGET_NAME)";
				SWIFT_OBJC_BRIDGING_HEADER = "flirFever/flirFever-Bridging-Header.h";
				SWIFT_VERSION = 5.0;
				TARGETED_DEVICE_FAMILY = "1,2";
			};
			name = Debug;
		};
		75ED8B4C259BEC47000BA2D7 /* Release */ = {
			isa = XCBuildConfiguration;
			buildSettings = {
				ASSETCATALOG_COMPILER_APPICON_NAME = AppIcon;
				ASSETCATALOG_COMPILER_GLOBAL_ACCENT_COLOR_NAME = AccentColor;
				CODE_SIGN_STYLE = Manual;
				DEVELOPMENT_TEAM = "";
				FRAMEWORK_SEARCH_PATHS = (
					"$(inherited)",
					"$(PROJECT_DIR)",
				);
				INFOPLIST_FILE = flirFever/Info.plist;
				LD_RUNPATH_SEARCH_PATHS = (
					"$(inherited)",
					"@executable_path/Frameworks",
				);
				PRODUCT_BUNDLE_IDENTIFIER = Sherman.flirFever;
				PRODUCT_NAME = "$(TARGET_NAME)";
				PROVISIONING_PROFILE_SPECIFIER = "";
				SWIFT_OBJC_BRIDGING_HEADER = "flirFever/flirFever-Bridging-Header.h";
				SWIFT_VERSION = 5.0;
				TARGETED_DEVICE_FAMILY = "1,2";
			};
			name = Release;
		};
		75ED8B4E259BEC47000BA2D7 /* Debug */ = {
			isa = XCBuildConfiguration;
			buildSettings = {
				ALWAYS_EMBED_SWIFT_STANDARD_LIBRARIES = YES;
				BUNDLE_LOADER = "$(TEST_HOST)";
				CODE_SIGN_STYLE = Automatic;
				DEVELOPMENT_TEAM = ZJNPXJSH76;
				INFOPLIST_FILE = flirFeverTests/Info.plist;
				IPHONEOS_DEPLOYMENT_TARGET = 14.3;
				LD_RUNPATH_SEARCH_PATHS = (
					"$(inherited)",
					"@executable_path/Frameworks",
					"@loader_path/Frameworks",
				);
				PRODUCT_BUNDLE_IDENTIFIER = "Leo-Lee.flirFeverTests";
				PRODUCT_NAME = "$(TARGET_NAME)";
				SWIFT_VERSION = 5.0;
				TARGETED_DEVICE_FAMILY = "1,2";
				TEST_HOST = "$(BUILT_PRODUCTS_DIR)/flirFever.app/flirFever";
			};
			name = Debug;
		};
		75ED8B4F259BEC47000BA2D7 /* Release */ = {
			isa = XCBuildConfiguration;
			buildSettings = {
				ALWAYS_EMBED_SWIFT_STANDARD_LIBRARIES = YES;
				BUNDLE_LOADER = "$(TEST_HOST)";
				CODE_SIGN_STYLE = Automatic;
				DEVELOPMENT_TEAM = ZJNPXJSH76;
				INFOPLIST_FILE = flirFeverTests/Info.plist;
				IPHONEOS_DEPLOYMENT_TARGET = 14.3;
				LD_RUNPATH_SEARCH_PATHS = (
					"$(inherited)",
					"@executable_path/Frameworks",
					"@loader_path/Frameworks",
				);
				PRODUCT_BUNDLE_IDENTIFIER = "Leo-Lee.flirFeverTests";
				PRODUCT_NAME = "$(TARGET_NAME)";
				SWIFT_VERSION = 5.0;
				TARGETED_DEVICE_FAMILY = "1,2";
				TEST_HOST = "$(BUILT_PRODUCTS_DIR)/flirFever.app/flirFever";
			};
			name = Release;
		};
		75ED8B51259BEC47000BA2D7 /* Debug */ = {
			isa = XCBuildConfiguration;
			buildSettings = {
				ALWAYS_EMBED_SWIFT_STANDARD_LIBRARIES = YES;
				CODE_SIGN_STYLE = Automatic;
				DEVELOPMENT_TEAM = ZJNPXJSH76;
				INFOPLIST_FILE = flirFeverUITests/Info.plist;
				LD_RUNPATH_SEARCH_PATHS = (
					"$(inherited)",
					"@executable_path/Frameworks",
					"@loader_path/Frameworks",
				);
				PRODUCT_BUNDLE_IDENTIFIER = "Leo-Lee.flirFeverUITests";
				PRODUCT_NAME = "$(TARGET_NAME)";
				SWIFT_VERSION = 5.0;
				TARGETED_DEVICE_FAMILY = "1,2";
				TEST_TARGET_NAME = flirFever;
			};
			name = Debug;
		};
		75ED8B52259BEC47000BA2D7 /* Release */ = {
			isa = XCBuildConfiguration;
			buildSettings = {
				ALWAYS_EMBED_SWIFT_STANDARD_LIBRARIES = YES;
				CODE_SIGN_STYLE = Automatic;
				DEVELOPMENT_TEAM = ZJNPXJSH76;
				INFOPLIST_FILE = flirFeverUITests/Info.plist;
				LD_RUNPATH_SEARCH_PATHS = (
					"$(inherited)",
					"@executable_path/Frameworks",
					"@loader_path/Frameworks",
				);
				PRODUCT_BUNDLE_IDENTIFIER = "Leo-Lee.flirFeverUITests";
				PRODUCT_NAME = "$(TARGET_NAME)";
				SWIFT_VERSION = 5.0;
				TARGETED_DEVICE_FAMILY = "1,2";
				TEST_TARGET_NAME = flirFever;
			};
			name = Release;
		};
/* End XCBuildConfiguration section */

/* Begin XCConfigurationList section */
		75ED8B1B259BEC41000BA2D7 /* Build configuration list for PBXProject "flirFever" */ = {
			isa = XCConfigurationList;
			buildConfigurations = (
				75ED8B48259BEC47000BA2D7 /* Debug */,
				75ED8B49259BEC47000BA2D7 /* Release */,
			);
			defaultConfigurationIsVisible = 0;
			defaultConfigurationName = Release;
		};
		75ED8B4A259BEC47000BA2D7 /* Build configuration list for PBXNativeTarget "flirFever" */ = {
			isa = XCConfigurationList;
			buildConfigurations = (
				75ED8B4B259BEC47000BA2D7 /* Debug */,
				75ED8B4C259BEC47000BA2D7 /* Release */,
			);
			defaultConfigurationIsVisible = 0;
			defaultConfigurationName = Release;
		};
		75ED8B4D259BEC47000BA2D7 /* Build configuration list for PBXNativeTarget "flirFeverTests" */ = {
			isa = XCConfigurationList;
			buildConfigurations = (
				75ED8B4E259BEC47000BA2D7 /* Debug */,
				75ED8B4F259BEC47000BA2D7 /* Release */,
			);
			defaultConfigurationIsVisible = 0;
			defaultConfigurationName = Release;
		};
		75ED8B50259BEC47000BA2D7 /* Build configuration list for PBXNativeTarget "flirFeverUITests" */ = {
			isa = XCConfigurationList;
			buildConfigurations = (
				75ED8B51259BEC47000BA2D7 /* Debug */,
				75ED8B52259BEC47000BA2D7 /* Release */,
			);
			defaultConfigurationIsVisible = 0;
			defaultConfigurationName = Release;
		};
/* End XCConfigurationList section */

/* Begin XCRemoteSwiftPackageReference section */
		75699EB925FD5590006AABD8 /* XCRemoteSwiftPackageReference "Toast-Swift" */ = {
			isa = XCRemoteSwiftPackageReference;
			repositoryURL = "https://github.com/scalessec/Toast-Swift.git";
			requirement = {
				kind = upToNextMajorVersion;
				minimumVersion = 5.0.1;
			};
		};
/* End XCRemoteSwiftPackageReference section */

/* Begin XCSwiftPackageProductDependency section */
		75699EBA25FD5591006AABD8 /* Toast */ = {
			isa = XCSwiftPackageProductDependency;
			package = 75699EB925FD5590006AABD8 /* XCRemoteSwiftPackageReference "Toast-Swift" */;
			productName = Toast;
		};
/* End XCSwiftPackageProductDependency section */
	};
	rootObject = 75ED8B18259BEC41000BA2D7 /* Project object */;
}
